
Microsoft Visual Studio Solution File, Format Version 12.00
# Visual Studio Version 17
VisualStudioVersion = 17.9.34728.123
MinimumVisualStudioVersion = 10.0.40219.1
Project("{9A19103F-16F7-4668-BE54-9A1E7A4F7556}") = "SomatologyClinic", "SomatologyClinic\SomatologyClinic.csproj", "{2C875E3E-0A42-4489-8785-2EAD5A13C035}"
EndProject
Project("{2150E333-8FDC-42A3-9474-1A3956D46DE8}") = "Solution Items", "Solution Items", "{9F4DD9DE-648D-4A65-82FE-EE5BB807A3EE}"
	ProjectSection(SolutionItems) = preProject
		.editorconfig = .editorconfig
	EndProjectSection
EndProject
Project("{FAE04EC0-301F-11D3-BF4B-00C04F79EFBC}") = "SomatologyClinic.Tests", "SomatologyClinic.Tests\SomatologyClinic.Tests.csproj", "{D659B3D2-6E4E-417C-840F-E264CF167761}"
EndProject
Global
	GlobalSection(SolutionConfigurationPlatforms) = preSolution
		Debug|Any CPU = Debug|Any CPU
		Release|Any CPU = Release|Any CPU
	EndGlobalSection
	GlobalSection(ProjectConfigurationPlatforms) = postSolution
		{2C875E3E-0A42-4489-8785-2EAD5A13C035}.Debug|Any CPU.ActiveCfg = Debug|Any CPU
		{2C875E3E-0A42-4489-8785-2EAD5A13C035}.Debug|Any CPU.Build.0 = Debug|Any CPU
		{2C875E3E-0A42-4489-8785-2EAD5A13C035}.Release|Any CPU.ActiveCfg = Release|Any CPU
		{2C875E3E-0A42-4489-8785-2EAD5A13C035}.Release|Any CPU.Build.0 = Release|Any CPU
		{D659B3D2-6E4E-417C-840F-E264CF167761}.Debug|Any CPU.ActiveCfg = Debug|Any CPU
		{D659B3D2-6E4E-417C-840F-E264CF167761}.Debug|Any CPU.Build.0 = Debug|Any CPU
		{D659B3D2-6E4E-417C-840F-E264CF167761}.Release|Any CPU.ActiveCfg = Release|Any CPU
		{D659B3D2-6E4E-417C-840F-E264CF167761}.Release|Any CPU.Build.0 = Release|Any CPU
	EndGlobalSection
	GlobalSection(SolutionProperties) = preSolution
		HideSolutionNode = FALSE
	EndGlobalSection
	GlobalSection(ExtensibilityGlobals) = postSolution
		SolutionGuid = {15E31D1F-DABE-47F7-A963-3F84E7B1E63C}
	EndGlobalSection
EndGlobal
